
Microsoft Visual Studio Solution File, Format Version 12.00
# Visual Studio Version 16
VisualStudioVersion = 16.0.31410.357
MinimumVisualStudioVersion = 10.0.40219.1
Project("{9A19103F-16F7-4668-BE54-9A1E7A4F7556}") = "CandidateTesting.PedroViniciusRodriguesFurlan", "CandidateTesting.PedroViniciusRodriguesFurlan.csproj", "{7A918156-B45B-4DE2-9B53-94CE06A11F2D}"
EndProject
Project("{FAE04EC0-301F-11D3-BF4B-00C04F79EFBC}") = "UnitTestCDN", "..\UnitTestCDN\UnitTestCDN.csproj", "{E9C1F047-482D-42C3-92D5-9BF3B39A052C}"
EndProject
Global
	GlobalSection(SolutionConfigurationPlatforms) = preSolution
		Debug|Any CPU = Debug|Any CPU
		Release|Any CPU = Release|Any CPU
	EndGlobalSection
	GlobalSection(ProjectConfigurationPlatforms) = postSolution
		{7A918156-B45B-4DE2-9B53-94CE06A11F2D}.Debug|Any CPU.ActiveCfg = Debug|Any CPU
		{7A918156-B45B-4DE2-9B53-94CE06A11F2D}.Debug|Any CPU.Build.0 = Debug|Any CPU
		{7A918156-B45B-4DE2-9B53-94CE06A11F2D}.Release|Any CPU.ActiveCfg = Release|Any CPU
		{7A918156-B45B-4DE2-9B53-94CE06A11F2D}.Release|Any CPU.Build.0 = Release|Any CPU
		{E9C1F047-482D-42C3-92D5-9BF3B39A052C}.Debug|Any CPU.ActiveCfg = Debug|Any CPU
		{E9C1F047-482D-42C3-92D5-9BF3B39A052C}.Debug|Any CPU.Build.0 = Debug|Any CPU
		{E9C1F047-482D-42C3-92D5-9BF3B39A052C}.Release|Any CPU.ActiveCfg = Release|Any CPU
		{E9C1F047-482D-42C3-92D5-9BF3B39A052C}.Release|Any CPU.Build.0 = Release|Any CPU
	EndGlobalSection
	GlobalSection(SolutionProperties) = preSolution
		HideSolutionNode = FALSE
	EndGlobalSection
	GlobalSection(ExtensibilityGlobals) = postSolution
		SolutionGuid = {A566DEE4-4B97-40FD-8A9C-2A118110589F}
	EndGlobalSection
EndGlobal
